// !$*UTF8*$!
{
	archiveVersion = 1;
	classes = {
	};
	objectVersion = 50;
	objects = {

/* Begin PBXBuildFile section */
		84B5269424225FD900050C7A /* AppDelegate.swift in Sources */ = {isa = PBXBuildFile; fileRef = 84B5269324225FD900050C7A /* AppDelegate.swift */; };
		84B5269624225FD900050C7A /* GameScene.sks in Resources */ = {isa = PBXBuildFile; fileRef = 84B5269524225FD900050C7A /* GameScene.sks */; };
		84B5269824225FD900050C7A /* Actions.sks in Resources */ = {isa = PBXBuildFile; fileRef = 84B5269724225FD900050C7A /* Actions.sks */; };
		84B5269A24225FD900050C7A /* GameScene.swift in Sources */ = {isa = PBXBuildFile; fileRef = 84B5269924225FD900050C7A /* GameScene.swift */; };
		84B5269C24225FD900050C7A /* GameViewController.swift in Sources */ = {isa = PBXBuildFile; fileRef = 84B5269B24225FD900050C7A /* GameViewController.swift */; };
		84B5269F24225FD900050C7A /* Main.storyboard in Resources */ = {isa = PBXBuildFile; fileRef = 84B5269D24225FD900050C7A /* Main.storyboard */; };
		84B526A124225FDC00050C7A /* Assets.xcassets in Resources */ = {isa = PBXBuildFile; fileRef = 84B526A024225FDC00050C7A /* Assets.xcassets */; };
		84B526A424225FDC00050C7A /* LaunchScreen.storyboard in Resources */ = {isa = PBXBuildFile; fileRef = 84B526A224225FDC00050C7A /* LaunchScreen.storyboard */; };
		84B526AF24225FDC00050C7A /* Test_Character_MovementTests.swift in Sources */ = {isa = PBXBuildFile; fileRef = 84B526AE24225FDC00050C7A /* Test_Character_MovementTests.swift */; };
		84B526BA24225FDC00050C7A /* Test_Character_MovementUITests.swift in Sources */ = {isa = PBXBuildFile; fileRef = 84B526B924225FDC00050C7A /* Test_Character_MovementUITests.swift */; };
		84E6D7D9242832040069C953 /* TLAnalogJoystick.swift in Sources */ = {isa = PBXBuildFile; fileRef = 84E6D7D8242832040069C953 /* TLAnalogJoystick.swift */; };
		84E6D7F32428CDF60069C953 /* gear.png in Resources */ = {isa = PBXBuildFile; fileRef = 84E6D7DD2428CDF60069C953 /* gear.png */; };
		84E6D7F42428CDF60069C953 /* plus.png in Resources */ = {isa = PBXBuildFile; fileRef = 84E6D7DE2428CDF60069C953 /* plus.png */; };
		84E6D7F52428CDF60069C953 /* jStick@2x.png in Resources */ = {isa = PBXBuildFile; fileRef = 84E6D7DF2428CDF60069C953 /* jStick@2x.png */; };
		84E6D7F62428CDF60069C953 /* jSubstrate@2x.png in Resources */ = {isa = PBXBuildFile; fileRef = 84E6D7E02428CDF60069C953 /* jSubstrate@2x.png */; };
		84E6D7F82428CDF60069C953 /* plus@2x.png in Resources */ = {isa = PBXBuildFile; fileRef = 84E6D7E22428CDF60069C953 /* plus@2x.png */; };
		84E6D7F92428CDF60069C953 /* apple@2x.png in Resources */ = {isa = PBXBuildFile; fileRef = 84E6D7E32428CDF60069C953 /* apple@2x.png */; };
		84E6D7FA2428CDF60069C953 /* minus@2x.png in Resources */ = {isa = PBXBuildFile; fileRef = 84E6D7E42428CDF60069C953 /* minus@2x.png */; };
		84E6D7FD2428CDF60069C953 /* minus.png in Resources */ = {isa = PBXBuildFile; fileRef = 84E6D7E92428CDF60069C953 /* minus.png */; };
		84E6D7FE2428CDF60069C953 /* apple.png in Resources */ = {isa = PBXBuildFile; fileRef = 84E6D7EA2428CDF60069C953 /* apple.png */; };
		84E6D8002428CDF60069C953 /* jSubstrate.png in Resources */ = {isa = PBXBuildFile; fileRef = 84E6D7EC2428CDF60069C953 /* jSubstrate.png */; };
		84E6D8022428CDF60069C953 /* gear@2x.png in Resources */ = {isa = PBXBuildFile; fileRef = 84E6D7EE2428CDF60069C953 /* gear@2x.png */; };
		84E6D8052428CDF60069C953 /* jStick.png in Resources */ = {isa = PBXBuildFile; fileRef = 84E6D7F12428CDF60069C953 /* jStick.png */; };
/* End PBXBuildFile section */

/* Begin PBXContainerItemProxy section */
		84B526AB24225FDC00050C7A /* PBXContainerItemProxy */ = {
			isa = PBXContainerItemProxy;
			containerPortal = 84B5268824225FD900050C7A /* Project object */;
			proxyType = 1;
			remoteGlobalIDString = 84B5268F24225FD900050C7A;
			remoteInfo = "Test Character Movement";
		};
		84B526B624225FDC00050C7A /* PBXContainerItemProxy */ = {
			isa = PBXContainerItemProxy;
			containerPortal = 84B5268824225FD900050C7A /* Project object */;
			proxyType = 1;
			remoteGlobalIDString = 84B5268F24225FD900050C7A;
			remoteInfo = "Test Character Movement";
		};
/* End PBXContainerItemProxy section */

/* Begin PBXFileReference section */
		84B5269024225FD900050C7A /* Test Character Movement.app */ = {isa = PBXFileReference; explicitFileType = wrapper.application; includeInIndex = 0; path = "Test Character Movement.app"; sourceTree = BUILT_PRODUCTS_DIR; };
		84B5269324225FD900050C7A /* AppDelegate.swift */ = {isa = PBXFileReference; lastKnownFileType = sourcecode.swift; path = AppDelegate.swift; sourceTree = "<group>"; };
		84B5269524225FD900050C7A /* GameScene.sks */ = {isa = PBXFileReference; lastKnownFileType = file.sks; path = GameScene.sks; sourceTree = "<group>"; };
		84B5269724225FD900050C7A /* Actions.sks */ = {isa = PBXFileReference; lastKnownFileType = file.sks; path = Actions.sks; sourceTree = "<group>"; };
		84B5269924225FD900050C7A /* GameScene.swift */ = {isa = PBXFileReference; lastKnownFileType = sourcecode.swift; path = GameScene.swift; sourceTree = "<group>"; };
		84B5269B24225FD900050C7A /* GameViewController.swift */ = {isa = PBXFileReference; lastKnownFileType = sourcecode.swift; path = GameViewController.swift; sourceTree = "<group>"; };
		84B5269E24225FD900050C7A /* Base */ = {isa = PBXFileReference; lastKnownFileType = file.storyboard; name = Base; path = Base.lproj/Main.storyboard; sourceTree = "<group>"; };
		84B526A024225FDC00050C7A /* Assets.xcassets */ = {isa = PBXFileReference; lastKnownFileType = folder.assetcatalog; path = Assets.xcassets; sourceTree = "<group>"; };
		84B526A324225FDC00050C7A /* Base */ = {isa = PBXFileReference; lastKnownFileType = file.storyboard; name = Base; path = Base.lproj/LaunchScreen.storyboard; sourceTree = "<group>"; };
		84B526A524225FDC00050C7A /* Info.plist */ = {isa = PBXFileReference; lastKnownFileType = text.plist.xml; path = Info.plist; sourceTree = "<group>"; };
		84B526AA24225FDC00050C7A /* Test Character MovementTests.xctest */ = {isa = PBXFileReference; explicitFileType = wrapper.cfbundle; includeInIndex = 0; path = "Test Character MovementTests.xctest"; sourceTree = BUILT_PRODUCTS_DIR; };
		84B526AE24225FDC00050C7A /* Test_Character_MovementTests.swift */ = {isa = PBXFileReference; lastKnownFileType = sourcecode.swift; path = Test_Character_MovementTests.swift; sourceTree = "<group>"; };
		84B526B024225FDC00050C7A /* Info.plist */ = {isa = PBXFileReference; lastKnownFileType = text.plist.xml; path = Info.plist; sourceTree = "<group>"; };
		84B526B524225FDC00050C7A /* Test Character MovementUITests.xctest */ = {isa = PBXFileReference; explicitFileType = wrapper.cfbundle; includeInIndex = 0; path = "Test Character MovementUITests.xctest"; sourceTree = BUILT_PRODUCTS_DIR; };
		84B526B924225FDC00050C7A /* Test_Character_MovementUITests.swift */ = {isa = PBXFileReference; lastKnownFileType = sourcecode.swift; path = Test_Character_MovementUITests.swift; sourceTree = "<group>"; };
		84B526BB24225FDC00050C7A /* Info.plist */ = {isa = PBXFileReference; lastKnownFileType = text.plist.xml; path = Info.plist; sourceTree = "<group>"; };
		84E6D7D8242832040069C953 /* TLAnalogJoystick.swift */ = {isa = PBXFileReference; fileEncoding = 4; lastKnownFileType = sourcecode.swift; path = TLAnalogJoystick.swift; sourceTree = "<group>"; };
		84E6D7DD2428CDF60069C953 /* gear.png */ = {isa = PBXFileReference; lastKnownFileType = image.png; path = gear.png; sourceTree = "<group>"; };
		84E6D7DE2428CDF60069C953 /* plus.png */ = {isa = PBXFileReference; lastKnownFileType = image.png; path = plus.png; sourceTree = "<group>"; };
		84E6D7DF2428CDF60069C953 /* jStick@2x.png */ = {isa = PBXFileReference; lastKnownFileType = image.png; path = "jStick@2x.png"; sourceTree = "<group>"; };
		84E6D7E02428CDF60069C953 /* jSubstrate@2x.png */ = {isa = PBXFileReference; lastKnownFileType = image.png; path = "jSubstrate@2x.png"; sourceTree = "<group>"; };
		84E6D7E22428CDF60069C953 /* plus@2x.png */ = {isa = PBXFileReference; lastKnownFileType = image.png; path = "plus@2x.png"; sourceTree = "<group>"; };
		84E6D7E32428CDF60069C953 /* apple@2x.png */ = {isa = PBXFileReference; lastKnownFileType = image.png; path = "apple@2x.png"; sourceTree = "<group>"; };
		84E6D7E42428CDF60069C953 /* minus@2x.png */ = {isa = PBXFileReference; lastKnownFileType = image.png; path = "minus@2x.png"; sourceTree = "<group>"; };
		84E6D7E92428CDF60069C953 /* minus.png */ = {isa = PBXFileReference; lastKnownFileType = image.png; path = minus.png; sourceTree = "<group>"; };
		84E6D7EA2428CDF60069C953 /* apple.png */ = {isa = PBXFileReference; lastKnownFileType = image.png; path = apple.png; sourceTree = "<group>"; };
		84E6D7EC2428CDF60069C953 /* jSubstrate.png */ = {isa = PBXFileReference; lastKnownFileType = image.png; path = jSubstrate.png; sourceTree = "<group>"; };
		84E6D7EE2428CDF60069C953 /* gear@2x.png */ = {isa = PBXFileReference; lastKnownFileType = image.png; path = "gear@2x.png"; sourceTree = "<group>"; };
		84E6D7F12428CDF60069C953 /* jStick.png */ = {isa = PBXFileReference; lastKnownFileType = image.png; path = jStick.png; sourceTree = "<group>"; };
/* End PBXFileReference section */

/* Begin PBXFrameworksBuildPhase section */
		84B5268D24225FD900050C7A /* Frameworks */ = {
			isa = PBXFrameworksBuildPhase;
			buildActionMask = 2147483647;
			files = (
			);
			runOnlyForDeploymentPostprocessing = 0;
		};
		84B526A724225FDC00050C7A /* Frameworks */ = {
			isa = PBXFrameworksBuildPhase;
			buildActionMask = 2147483647;
			files = (
			);
			runOnlyForDeploymentPostprocessing = 0;
		};
		84B526B224225FDC00050C7A /* Frameworks */ = {
			isa = PBXFrameworksBuildPhase;
			buildActionMask = 2147483647;
			files = (
			);
			runOnlyForDeploymentPostprocessing = 0;
		};
/* End PBXFrameworksBuildPhase section */

/* Begin PBXGroup section */
		84B5268724225FD900050C7A = {
			isa = PBXGroup;
			children = (
				84B5269224225FD900050C7A /* Test Character Movement */,
				84B526AD24225FDC00050C7A /* Test Character MovementTests */,
				84B526B824225FDC00050C7A /* Test Character MovementUITests */,
				84B5269124225FD900050C7A /* Products */,
			);
			sourceTree = "<group>";
		};
		84B5269124225FD900050C7A /* Products */ = {
			isa = PBXGroup;
			children = (
				84B5269024225FD900050C7A /* Test Character Movement.app */,
				84B526AA24225FDC00050C7A /* Test Character MovementTests.xctest */,
				84B526B524225FDC00050C7A /* Test Character MovementUITests.xctest */,
			);
			name = Products;
			sourceTree = "<group>";
		};
		84B5269224225FD900050C7A /* Test Character Movement */ = {
			isa = PBXGroup;
			children = (
				84B5269324225FD900050C7A /* AppDelegate.swift */,
				84E6D7DB242832970069C953 /* Views */,
				84E6D7DA2428320D0069C953 /* Joystick */,
				84B5269724225FD900050C7A /* Actions.sks */,
				84B5269D24225FD900050C7A /* Main.storyboard */,
				84B526A024225FDC00050C7A /* Assets.xcassets */,
				84B526A224225FDC00050C7A /* LaunchScreen.storyboard */,
				84B526A524225FDC00050C7A /* Info.plist */,
				84E6D7DC2428CDF60069C953 /* AnalogStick Demo */,
			);
			path = "Test Character Movement";
			sourceTree = "<group>";
		};
		84B526AD24225FDC00050C7A /* Test Character MovementTests */ = {
			isa = PBXGroup;
			children = (
				84B526AE24225FDC00050C7A /* Test_Character_MovementTests.swift */,
				84B526B024225FDC00050C7A /* Info.plist */,
			);
			path = "Test Character MovementTests";
			sourceTree = "<group>";
		};
		84B526B824225FDC00050C7A /* Test Character MovementUITests */ = {
			isa = PBXGroup;
			children = (
				84B526B924225FDC00050C7A /* Test_Character_MovementUITests.swift */,
				84B526BB24225FDC00050C7A /* Info.plist */,
			);
			path = "Test Character MovementUITests";
			sourceTree = "<group>";
		};
		84E6D7DA2428320D0069C953 /* Joystick */ = {
			isa = PBXGroup;
			children = (
				84E6D7D8242832040069C953 /* TLAnalogJoystick.swift */,
			);
			path = Joystick;
			sourceTree = "<group>";
		};
		84E6D7DB242832970069C953 /* Views */ = {
			isa = PBXGroup;
			children = (
				84B5269B24225FD900050C7A /* GameViewController.swift */,
				84B5269924225FD900050C7A /* GameScene.swift */,
				84B5269524225FD900050C7A /* GameScene.sks */,
			);
			path = Views;
			sourceTree = "<group>";
		};
		84E6D7DC2428CDF60069C953 /* AnalogStick Demo */ = {
			isa = PBXGroup;
			children = (
				84E6D7DD2428CDF60069C953 /* gear.png */,
				84E6D7DE2428CDF60069C953 /* plus.png */,
				84E6D7DF2428CDF60069C953 /* jStick@2x.png */,
				84E6D7E02428CDF60069C953 /* jSubstrate@2x.png */,
				84E6D7E22428CDF60069C953 /* plus@2x.png */,
				84E6D7E32428CDF60069C953 /* apple@2x.png */,
				84E6D7E42428CDF60069C953 /* minus@2x.png */,
				84E6D7E92428CDF60069C953 /* minus.png */,
				84E6D7EA2428CDF60069C953 /* apple.png */,
				84E6D7EC2428CDF60069C953 /* jSubstrate.png */,
				84E6D7EE2428CDF60069C953 /* gear@2x.png */,
				84E6D7F12428CDF60069C953 /* jStick.png */,
			);
			path = "AnalogStick Demo";
			sourceTree = "<group>";
		};
/* End PBXGroup section */

/* Begin PBXNativeTarget section */
		84B5268F24225FD900050C7A /* Test Character Movement */ = {
			isa = PBXNativeTarget;
			buildConfigurationList = 84B526BE24225FDC00050C7A /* Build configuration list for PBXNativeTarget "Test Character Movement" */;
			buildPhases = (
				84B5268C24225FD900050C7A /* Sources */,
				84B5268D24225FD900050C7A /* Frameworks */,
				84B5268E24225FD900050C7A /* Resources */,
			);
			buildRules = (
			);
			dependencies = (
			);
			name = "Test Character Movement";
			productName = "Test Character Movement";
			productReference = 84B5269024225FD900050C7A /* Test Character Movement.app */;
			productType = "com.apple.product-type.application";
		};
		84B526A924225FDC00050C7A /* Test Character MovementTests */ = {
			isa = PBXNativeTarget;
			buildConfigurationList = 84B526C124225FDC00050C7A /* Build configuration list for PBXNativeTarget "Test Character MovementTests" */;
			buildPhases = (
				84B526A624225FDC00050C7A /* Sources */,
				84B526A724225FDC00050C7A /* Frameworks */,
				84B526A824225FDC00050C7A /* Resources */,
			);
			buildRules = (
			);
			dependencies = (
				84B526AC24225FDC00050C7A /* PBXTargetDependency */,
			);
			name = "Test Character MovementTests";
			productName = "Test Character MovementTests";
			productReference = 84B526AA24225FDC00050C7A /* Test Character MovementTests.xctest */;
			productType = "com.apple.product-type.bundle.unit-test";
		};
		84B526B424225FDC00050C7A /* Test Character MovementUITests */ = {
			isa = PBXNativeTarget;
			buildConfigurationList = 84B526C424225FDC00050C7A /* Build configuration list for PBXNativeTarget "Test Character MovementUITests" */;
			buildPhases = (
				84B526B124225FDC00050C7A /* Sources */,
				84B526B224225FDC00050C7A /* Frameworks */,
				84B526B324225FDC00050C7A /* Resources */,
			);
			buildRules = (
			);
			dependencies = (
				84B526B724225FDC00050C7A /* PBXTargetDependency */,
			);
			name = "Test Character MovementUITests";
			productName = "Test Character MovementUITests";
			productReference = 84B526B524225FDC00050C7A /* Test Character MovementUITests.xctest */;
			productType = "com.apple.product-type.bundle.ui-testing";
		};
/* End PBXNativeTarget section */

/* Begin PBXProject section */
		84B5268824225FD900050C7A /* Project object */ = {
			isa = PBXProject;
			attributes = {
				LastSwiftUpdateCheck = 1130;
				LastUpgradeCheck = 1130;
				ORGANIZATIONNAME = DenysPashkov;
				TargetAttributes = {
					84B5268F24225FD900050C7A = {
						CreatedOnToolsVersion = 11.3.1;
					};
					84B526A924225FDC00050C7A = {
						CreatedOnToolsVersion = 11.3.1;
						TestTargetID = 84B5268F24225FD900050C7A;
					};
					84B526B424225FDC00050C7A = {
						CreatedOnToolsVersion = 11.3.1;
						TestTargetID = 84B5268F24225FD900050C7A;
					};
				};
			};
			buildConfigurationList = 84B5268B24225FD900050C7A /* Build configuration list for PBXProject "Test Character Movement" */;
			compatibilityVersion = "Xcode 9.3";
			developmentRegion = en;
			hasScannedForEncodings = 0;
			knownRegions = (
				en,
				Base,
			);
			mainGroup = 84B5268724225FD900050C7A;
			productRefGroup = 84B5269124225FD900050C7A /* Products */;
			projectDirPath = "";
			projectRoot = "";
			targets = (
				84B5268F24225FD900050C7A /* Test Character Movement */,
				84B526A924225FDC00050C7A /* Test Character MovementTests */,
				84B526B424225FDC00050C7A /* Test Character MovementUITests */,
			);
		};
/* End PBXProject section */

/* Begin PBXResourcesBuildPhase section */
		84B5268E24225FD900050C7A /* Resources */ = {
			isa = PBXResourcesBuildPhase;
			buildActionMask = 2147483647;
			files = (
				84B5269F24225FD900050C7A /* Main.storyboard in Resources */,
				84E6D8022428CDF60069C953 /* gear@2x.png in Resources */,
				84E6D8052428CDF60069C953 /* jStick.png in Resources */,
				84B5269624225FD900050C7A /* GameScene.sks in Resources */,
				84E6D7F92428CDF60069C953 /* apple@2x.png in Resources */,
				84E6D7F62428CDF60069C953 /* jSubstrate@2x.png in Resources */,
				84E6D7F52428CDF60069C953 /* jStick@2x.png in Resources */,
				84E6D7F32428CDF60069C953 /* gear.png in Resources */,
				84B526A124225FDC00050C7A /* Assets.xcassets in Resources */,
				84E6D7FD2428CDF60069C953 /* minus.png in Resources */,
				84E6D7F82428CDF60069C953 /* plus@2x.png in Resources */,
				84B526A424225FDC00050C7A /* LaunchScreen.storyboard in Resources */,
				84E6D7FA2428CDF60069C953 /* minus@2x.png in Resources */,
				84E6D7F42428CDF60069C953 /* plus.png in Resources */,
				84E6D7FE2428CDF60069C953 /* apple.png in Resources */,
				84E6D8002428CDF60069C953 /* jSubstrate.png in Resources */,
				84B5269824225FD900050C7A /* Actions.sks in Resources */,
			);
			runOnlyForDeploymentPostprocessing = 0;
		};
		84B526A824225FDC00050C7A /* Resources */ = {
			isa = PBXResourcesBuildPhase;
			buildActionMask = 2147483647;
			files = (
			);
			runOnlyForDeploymentPostprocessing = 0;
		};
		84B526B324225FDC00050C7A /* Resources */ = {
			isa = PBXResourcesBuildPhase;
			buildActionMask = 2147483647;
			files = (
			);
			runOnlyForDeploymentPostprocessing = 0;
		};
/* End PBXResourcesBuildPhase section */

/* Begin PBXSourcesBuildPhase section */
		84B5268C24225FD900050C7A /* Sources */ = {
			isa = PBXSourcesBuildPhase;
			buildActionMask = 2147483647;
			files = (
				84B5269A24225FD900050C7A /* GameScene.swift in Sources */,
				84B5269C24225FD900050C7A /* GameViewController.swift in Sources */,
				84B5269424225FD900050C7A /* AppDelegate.swift in Sources */,
				84E6D7D9242832040069C953 /* TLAnalogJoystick.swift in Sources */,
			);
			runOnlyForDeploymentPostprocessing = 0;
		};
		84B526A624225FDC00050C7A /* Sources */ = {
			isa = PBXSourcesBuildPhase;
			buildActionMask = 2147483647;
			files = (
				84B526AF24225FDC00050C7A /* Test_Character_MovementTests.swift in Sources */,
			);
			runOnlyForDeploymentPostprocessing = 0;
		};
		84B526B124225FDC00050C7A /* Sources */ = {
			isa = PBXSourcesBuildPhase;
			buildActionMask = 2147483647;
			files = (
				84B526BA24225FDC00050C7A /* Test_Character_MovementUITests.swift in Sources */,
			);
			runOnlyForDeploymentPostprocessing = 0;
		};
/* End PBXSourcesBuildPhase section */

/* Begin PBXTargetDependency section */
		84B526AC24225FDC00050C7A /* PBXTargetDependency */ = {
			isa = PBXTargetDependency;
			target = 84B5268F24225FD900050C7A /* Test Character Movement */;
			targetProxy = 84B526AB24225FDC00050C7A /* PBXContainerItemProxy */;
		};
		84B526B724225FDC00050C7A /* PBXTargetDependency */ = {
			isa = PBXTargetDependency;
			target = 84B5268F24225FD900050C7A /* Test Character Movement */;
			targetProxy = 84B526B624225FDC00050C7A /* PBXContainerItemProxy */;
		};
/* End PBXTargetDependency section */

/* Begin PBXVariantGroup section */
		84B5269D24225FD900050C7A /* Main.storyboard */ = {
			isa = PBXVariantGroup;
			children = (
				84B5269E24225FD900050C7A /* Base */,
			);
			name = Main.storyboard;
			sourceTree = "<group>";
		};
		84B526A224225FDC00050C7A /* LaunchScreen.storyboard */ = {
			isa = PBXVariantGroup;
			children = (
				84B526A324225FDC00050C7A /* Base */,
			);
			name = LaunchScreen.storyboard;
			sourceTree = "<group>";
		};
/* End PBXVariantGroup section */

/* Begin XCBuildConfiguration section */
		84B526BC24225FDC00050C7A /* Debug */ = {
			isa = XCBuildConfiguration;
			buildSettings = {
				ALWAYS_SEARCH_USER_PATHS = NO;
				CLANG_ANALYZER_NONNULL = YES;
				CLANG_ANALYZER_NUMBER_OBJECT_CONVERSION = YES_AGGRESSIVE;
				CLANG_CXX_LANGUAGE_STANDARD = "gnu++14";
				CLANG_CXX_LIBRARY = "libc++";
				CLANG_ENABLE_MODULES = YES;
				CLANG_ENABLE_OBJC_ARC = YES;
				CLANG_ENABLE_OBJC_WEAK = YES;
				CLANG_WARN_BLOCK_CAPTURE_AUTORELEASING = YES;
				CLANG_WARN_BOOL_CONVERSION = YES;
				CLANG_WARN_COMMA = YES;
				CLANG_WARN_CONSTANT_CONVERSION = YES;
				CLANG_WARN_DEPRECATED_OBJC_IMPLEMENTATIONS = YES;
				CLANG_WARN_DIRECT_OBJC_ISA_USAGE = YES_ERROR;
				CLANG_WARN_DOCUMENTATION_COMMENTS = YES;
				CLANG_WARN_EMPTY_BODY = YES;
				CLANG_WARN_ENUM_CONVERSION = YES;
				CLANG_WARN_INFINITE_RECURSION = YES;
				CLANG_WARN_INT_CONVERSION = YES;
				CLANG_WARN_NON_LITERAL_NULL_CONVERSION = YES;
				CLANG_WARN_OBJC_IMPLICIT_RETAIN_SELF = YES;
				CLANG_WARN_OBJC_LITERAL_CONVERSION = YES;
				CLANG_WARN_OBJC_ROOT_CLASS = YES_ERROR;
				CLANG_WARN_RANGE_LOOP_ANALYSIS = YES;
				CLANG_WARN_STRICT_PROTOTYPES = YES;
				CLANG_WARN_SUSPICIOUS_MOVE = YES;
				CLANG_WARN_UNGUARDED_AVAILABILITY = YES_AGGRESSIVE;
				CLANG_WARN_UNREACHABLE_CODE = YES;
				CLANG_WARN__DUPLICATE_METHOD_MATCH = YES;
				COPY_PHASE_STRIP = NO;
				DEBUG_INFORMATION_FORMAT = dwarf;
				ENABLE_STRICT_OBJC_MSGSEND = YES;
				ENABLE_TESTABILITY = YES;
				GCC_C_LANGUAGE_STANDARD = gnu11;
				GCC_DYNAMIC_NO_PIC = NO;
				GCC_NO_COMMON_BLOCKS = YES;
				GCC_OPTIMIZATION_LEVEL = 0;
				GCC_PREPROCESSOR_DEFINITIONS = (
					"DEBUG=1",
					"$(inherited)",
				);
				GCC_WARN_64_TO_32_BIT_CONVERSION = YES;
				GCC_WARN_ABOUT_RETURN_TYPE = YES_ERROR;
				GCC_WARN_UNDECLARED_SELECTOR = YES;
				GCC_WARN_UNINITIALIZED_AUTOS = YES_AGGRESSIVE;
				GCC_WARN_UNUSED_FUNCTION = YES;
				GCC_WARN_UNUSED_VARIABLE = YES;
				IPHONEOS_DEPLOYMENT_TARGET = 13.2;
				MTL_ENABLE_DEBUG_INFO = INCLUDE_SOURCE;
				MTL_FAST_MATH = YES;
				ONLY_ACTIVE_ARCH = YES;
				SDKROOT = iphoneos;
				SWIFT_ACTIVE_COMPILATION_CONDITIONS = DEBUG;
				SWIFT_OPTIMIZATION_LEVEL = "-Onone";
			};
			name = Debug;
		};
		84B526BD24225FDC00050C7A /* Release */ = {
			isa = XCBuildConfiguration;
			buildSettings = {
				ALWAYS_SEARCH_USER_PATHS = NO;
				CLANG_ANALYZER_NONNULL = YES;
				CLANG_ANALYZER_NUMBER_OBJECT_CONVERSION = YES_AGGRESSIVE;
				CLANG_CXX_LANGUAGE_STANDARD = "gnu++14";
				CLANG_CXX_LIBRARY = "libc++";
				CLANG_ENABLE_MODULES = YES;
				CLANG_ENABLE_OBJC_ARC = YES;
				CLANG_ENABLE_OBJC_WEAK = YES;
				CLANG_WARN_BLOCK_CAPTURE_AUTORELEASING = YES;
				CLANG_WARN_BOOL_CONVERSION = YES;
				CLANG_WARN_COMMA = YES;
				CLANG_WARN_CONSTANT_CONVERSION = YES;
				CLANG_WARN_DEPRECATED_OBJC_IMPLEMENTATIONS = YES;
				CLANG_WARN_DIRECT_OBJC_ISA_USAGE = YES_ERROR;
				CLANG_WARN_DOCUMENTATION_COMMENTS = YES;
				CLANG_WARN_EMPTY_BODY = YES;
				CLANG_WARN_ENUM_CONVERSION = YES;
				CLANG_WARN_INFINITE_RECURSION = YES;
				CLANG_WARN_INT_CONVERSION = YES;
				CLANG_WARN_NON_LITERAL_NULL_CONVERSION = YES;
				CLANG_WARN_OBJC_IMPLICIT_RETAIN_SELF = YES;
				CLANG_WARN_OBJC_LITERAL_CONVERSION = YES;
				CLANG_WARN_OBJC_ROOT_CLASS = YES_ERROR;
				CLANG_WARN_RANGE_LOOP_ANALYSIS = YES;
				CLANG_WARN_STRICT_PROTOTYPES = YES;
				CLANG_WARN_SUSPICIOUS_MOVE = YES;
				CLANG_WARN_UNGUARDED_AVAILABILITY = YES_AGGRESSIVE;
				CLANG_WARN_UNREACHABLE_CODE = YES;
				CLANG_WARN__DUPLICATE_METHOD_MATCH = YES;
				COPY_PHASE_STRIP = NO;
				DEBUG_INFORMATION_FORMAT = "dwarf-with-dsym";
				ENABLE_NS_ASSERTIONS = NO;
				ENABLE_STRICT_OBJC_MSGSEND = YES;
				GCC_C_LANGUAGE_STANDARD = gnu11;
				GCC_NO_COMMON_BLOCKS = YES;
				GCC_WARN_64_TO_32_BIT_CONVERSION = YES;
				GCC_WARN_ABOUT_RETURN_TYPE = YES_ERROR;
				GCC_WARN_UNDECLARED_SELECTOR = YES;
				GCC_WARN_UNINITIALIZED_AUTOS = YES_AGGRESSIVE;
				GCC_WARN_UNUSED_FUNCTION = YES;
				GCC_WARN_UNUSED_VARIABLE = YES;
				IPHONEOS_DEPLOYMENT_TARGET = 13.2;
				MTL_ENABLE_DEBUG_INFO = NO;
				MTL_FAST_MATH = YES;
				SDKROOT = iphoneos;
				SWIFT_COMPILATION_MODE = wholemodule;
				SWIFT_OPTIMIZATION_LEVEL = "-O";
				VALIDATE_PRODUCT = YES;
			};
			name = Release;
		};
		84B526BF24225FDC00050C7A /* Debug */ = {
			isa = XCBuildConfiguration;
			buildSettings = {
				ASSETCATALOG_COMPILER_APPICON_NAME = AppIcon;
				CODE_SIGN_STYLE = Automatic;
				DEVELOPMENT_TEAM = 44MJBDB342;
				INFOPLIST_FILE = "Test Character Movement/Info.plist";
				LD_RUNPATH_SEARCH_PATHS = (
					"$(inherited)",
					"@executable_path/Frameworks",
				);
				PRODUCT_BUNDLE_IDENTIFIER = "com.DenysPashkov.Test-Character-Movement";
				PRODUCT_NAME = "$(TARGET_NAME)";
				SWIFT_VERSION = 5.0;
				TARGETED_DEVICE_FAMILY = "1,2";
			};
			name = Debug;
		};
		84B526C024225FDC00050C7A /* Release */ = {
			isa = XCBuildConfiguration;
			buildSettings = {
				ASSETCATALOG_COMPILER_APPICON_NAME = AppIcon;
				CODE_SIGN_STYLE = Automatic;
				DEVELOPMENT_TEAM = 44MJBDB342;
				INFOPLIST_FILE = "Test Character Movement/Info.plist";
				LD_RUNPATH_SEARCH_PATHS = (
					"$(inherited)",
					"@executable_path/Frameworks",
				);
				PRODUCT_BUNDLE_IDENTIFIER = "com.DenysPashkov.Test-Character-Movement";
				PRODUCT_NAME = "$(TARGET_NAME)";
				SWIFT_VERSION = 5.0;
				TARGETED_DEVICE_FAMILY = "1,2";
			};
			name = Release;
		};
		84B526C224225FDC00050C7A /* Debug */ = {
			isa = XCBuildConfiguration;
			buildSettings = {
				ALWAYS_EMBED_SWIFT_STANDARD_LIBRARIES = YES;
				BUNDLE_LOADER = "$(TEST_HOST)";
				CODE_SIGN_STYLE = Automatic;
				DEVELOPMENT_TEAM = 44MJBDB342;
				INFOPLIST_FILE = "Test Character MovementTests/Info.plist";
				IPHONEOS_DEPLOYMENT_TARGET = 13.2;
				LD_RUNPATH_SEARCH_PATHS = (
					"$(inherited)",
					"@executable_path/Frameworks",
					"@loader_path/Frameworks",
				);
				PRODUCT_BUNDLE_IDENTIFIER = "com.DenysPashkov.Test-Character-MovementTests";
				PRODUCT_NAME = "$(TARGET_NAME)";
				SWIFT_VERSION = 5.0;
				TARGETED_DEVICE_FAMILY = "1,2";
				TEST_HOST = "$(BUILT_PRODUCTS_DIR)/Test Character Movement.app/Test Character Movement";
			};
			name = Debug;
		};
		84B526C324225FDC00050C7A /* Release */ = {
			isa = XCBuildConfiguration;
			buildSettings = {
				ALWAYS_EMBED_SWIFT_STANDARD_LIBRARIES = YES;
				BUNDLE_LOADER = "$(TEST_HOST)";
				CODE_SIGN_STYLE = Automatic;
				DEVELOPMENT_TEAM = 44MJBDB342;
				INFOPLIST_FILE = "Test Character MovementTests/Info.plist";
				IPHONEOS_DEPLOYMENT_TARGET = 13.2;
				LD_RUNPATH_SEARCH_PATHS = (
					"$(inherited)",
					"@executable_path/Frameworks",
					"@loader_path/Frameworks",
				);
				PRODUCT_BUNDLE_IDENTIFIER = "com.DenysPashkov.Test-Character-MovementTests";
				PRODUCT_NAME = "$(TARGET_NAME)";
				SWIFT_VERSION = 5.0;
				TARGETED_DEVICE_FAMILY = "1,2";
				TEST_HOST = "$(BUILT_PRODUCTS_DIR)/Test Character Movement.app/Test Character Movement";
			};
			name = Release;
		};
		84B526C524225FDC00050C7A /* Debug */ = {
			isa = XCBuildConfiguration;
			buildSettings = {
				ALWAYS_EMBED_SWIFT_STANDARD_LIBRARIES = YES;
				CODE_SIGN_STYLE = Automatic;
				DEVELOPMENT_TEAM = 44MJBDB342;
				INFOPLIST_FILE = "Test Character MovementUITests/Info.plist";
				LD_RUNPATH_SEARCH_PATHS = (
					"$(inherited)",
					"@executable_path/Frameworks",
					"@loader_path/Frameworks",
				);
				PRODUCT_BUNDLE_IDENTIFIER = "com.DenysPashkov.Test-Character-MovementUITests";
				PRODUCT_NAME = "$(TARGET_NAME)";
				SWIFT_VERSION = 5.0;
				TARGETED_DEVICE_FAMILY = "1,2";
				TEST_TARGET_NAME = "Test Character Movement";
			};
			name = Debug;
		};
		84B526C624225FDC00050C7A /* Release */ = {
			isa = XCBuildConfiguration;
			buildSettings = {
				ALWAYS_EMBED_SWIFT_STANDARD_LIBRARIES = YES;
				CODE_SIGN_STYLE = Automatic;
				DEVELOPMENT_TEAM = 44MJBDB342;
				INFOPLIST_FILE = "Test Character MovementUITests/Info.plist";
				LD_RUNPATH_SEARCH_PATHS = (
					"$(inherited)",
					"@executable_path/Frameworks",
					"@loader_path/Frameworks",
				);
				PRODUCT_BUNDLE_IDENTIFIER = "com.DenysPashkov.Test-Character-MovementUITests";
				PRODUCT_NAME = "$(TARGET_NAME)";
				SWIFT_VERSION = 5.0;
				TARGETED_DEVICE_FAMILY = "1,2";
				TEST_TARGET_NAME = "Test Character Movement";
			};
			name = Release;
		};
/* End XCBuildConfiguration section */

/* Begin XCConfigurationList section */
		84B5268B24225FD900050C7A /* Build configuration list for PBXProject "Test Character Movement" */ = {
			isa = XCConfigurationList;
			buildConfigurations = (
				84B526BC24225FDC00050C7A /* Debug */,
				84B526BD24225FDC00050C7A /* Release */,
			);
			defaultConfigurationIsVisible = 0;
			defaultConfigurationName = Release;
		};
		84B526BE24225FDC00050C7A /* Build configuration list for PBXNativeTarget "Test Character Movement" */ = {
			isa = XCConfigurationList;
			buildConfigurations = (
				84B526BF24225FDC00050C7A /* Debug */,
				84B526C024225FDC00050C7A /* Release */,
			);
			defaultConfigurationIsVisible = 0;
			defaultConfigurationName = Release;
		};
		84B526C124225FDC00050C7A /* Build configuration list for PBXNativeTarget "Test Character MovementTests" */ = {
			isa = XCConfigurationList;
			buildConfigurations = (
				84B526C224225FDC00050C7A /* Debug */,
				84B526C324225FDC00050C7A /* Release */,
			);
			defaultConfigurationIsVisible = 0;
			defaultConfigurationName = Release;
		};
		84B526C424225FDC00050C7A /* Build configuration list for PBXNativeTarget "Test Character MovementUITests" */ = {
			isa = XCConfigurationList;
			buildConfigurations = (
				84B526C524225FDC00050C7A /* Debug */,
				84B526C624225FDC00050C7A /* Release */,
			);
			defaultConfigurationIsVisible = 0;
			defaultConfigurationName = Release;
		};
/* End XCConfigurationList section */
	};
	rootObject = 84B5268824225FD900050C7A /* Project object */;
}
